
Microsoft Visual Studio Solution File, Format Version 12.00
# Visual Studio 15
VisualStudioVersion = 15.0.26124.0
MinimumVisualStudioVersion = 15.0.26124.0
Project("{FAE04EC0-301F-11D3-BF4B-00C04F79EFBC}") = "Web", "Web\Web.csproj", "{282A6FC1-0EBA-4F9A-8600-A2308F000918}"
EndProject
Project("{FAE04EC0-301F-11D3-BF4B-00C04F79EFBC}") = "Web.Api", "Web.Api\Web.Api.csproj", "{34A3B02C-9955-4250-9228-C7FDB588E644}"
EndProject
Project("{FAE04EC0-301F-11D3-BF4B-00C04F79EFBC}") = "Web.DataAccess", "Web.DataAccess\Web.DataAccess.csproj", "{6C9CD611-04F5-4AEF-A54B-A1C17A84CDA9}"
EndProject
Project("{FAE04EC0-301F-11D3-BF4B-00C04F79EFBC}") = "Web.Model", "Web.Model\Web.Model.csproj", "{A897870F-B0C6-43F2-A7D8-ADA59A9B592E}"
EndProject
Global
	GlobalSection(SolutionConfigurationPlatforms) = preSolution
		Debug|Any CPU = Debug|Any CPU
		Debug|x64 = Debug|x64
		Debug|x86 = Debug|x86
		Release|Any CPU = Release|Any CPU
		Release|x64 = Release|x64
		Release|x86 = Release|x86
	EndGlobalSection
	GlobalSection(SolutionProperties) = preSolution
		HideSolutionNode = FALSE
	EndGlobalSection
	GlobalSection(ProjectConfigurationPlatforms) = postSolution
		{282A6FC1-0EBA-4F9A-8600-A2308F000918}.Debug|Any CPU.ActiveCfg = Debug|Any CPU
		{282A6FC1-0EBA-4F9A-8600-A2308F000918}.Debug|Any CPU.Build.0 = Debug|Any CPU
		{282A6FC1-0EBA-4F9A-8600-A2308F000918}.Debug|x64.ActiveCfg = Debug|Any CPU
		{282A6FC1-0EBA-4F9A-8600-A2308F000918}.Debug|x64.Build.0 = Debug|Any CPU
		{282A6FC1-0EBA-4F9A-8600-A2308F000918}.Debug|x86.ActiveCfg = Debug|Any CPU
		{282A6FC1-0EBA-4F9A-8600-A2308F000918}.Debug|x86.Build.0 = Debug|Any CPU
		{282A6FC1-0EBA-4F9A-8600-A2308F000918}.Release|Any CPU.ActiveCfg = Release|Any CPU
		{282A6FC1-0EBA-4F9A-8600-A2308F000918}.Release|Any CPU.Build.0 = Release|Any CPU
		{282A6FC1-0EBA-4F9A-8600-A2308F000918}.Release|x64.ActiveCfg = Release|Any CPU
		{282A6FC1-0EBA-4F9A-8600-A2308F000918}.Release|x64.Build.0 = Release|Any CPU
		{282A6FC1-0EBA-4F9A-8600-A2308F000918}.Release|x86.ActiveCfg = Release|Any CPU
		{282A6FC1-0EBA-4F9A-8600-A2308F000918}.Release|x86.Build.0 = Release|Any CPU
		{34A3B02C-9955-4250-9228-C7FDB588E644}.Debug|Any CPU.ActiveCfg = Debug|Any CPU
		{34A3B02C-9955-4250-9228-C7FDB588E644}.Debug|Any CPU.Build.0 = Debug|Any CPU
		{34A3B02C-9955-4250-9228-C7FDB588E644}.Debug|x64.ActiveCfg = Debug|Any CPU
		{34A3B02C-9955-4250-9228-C7FDB588E644}.Debug|x64.Build.0 = Debug|Any CPU
		{34A3B02C-9955-4250-9228-C7FDB588E644}.Debug|x86.ActiveCfg = Debug|Any CPU
		{34A3B02C-9955-4250-9228-C7FDB588E644}.Debug|x86.Build.0 = Debug|Any CPU
		{34A3B02C-9955-4250-9228-C7FDB588E644}.Release|Any CPU.ActiveCfg = Release|Any CPU
		{34A3B02C-9955-4250-9228-C7FDB588E644}.Release|Any CPU.Build.0 = Release|Any CPU
		{34A3B02C-9955-4250-9228-C7FDB588E644}.Release|x64.ActiveCfg = Release|Any CPU
		{34A3B02C-9955-4250-9228-C7FDB588E644}.Release|x64.Build.0 = Release|Any CPU
		{34A3B02C-9955-4250-9228-C7FDB588E644}.Release|x86.ActiveCfg = Release|Any CPU
		{34A3B02C-9955-4250-9228-C7FDB588E644}.Release|x86.Build.0 = Release|Any CPU
		{6C9CD611-04F5-4AEF-A54B-A1C17A84CDA9}.Debug|Any CPU.ActiveCfg = Debug|Any CPU
		{6C9CD611-04F5-4AEF-A54B-A1C17A84CDA9}.Debug|Any CPU.Build.0 = Debug|Any CPU
		{6C9CD611-04F5-4AEF-A54B-A1C17A84CDA9}.Debug|x64.ActiveCfg = Debug|Any CPU
		{6C9CD611-04F5-4AEF-A54B-A1C17A84CDA9}.Debug|x64.Build.0 = Debug|Any CPU
		{6C9CD611-04F5-4AEF-A54B-A1C17A84CDA9}.Debug|x86.ActiveCfg = Debug|Any CPU
		{6C9CD611-04F5-4AEF-A54B-A1C17A84CDA9}.Debug|x86.Build.0 = Debug|Any CPU
		{6C9CD611-04F5-4AEF-A54B-A1C17A84CDA9}.Release|Any CPU.ActiveCfg = Release|Any CPU
		{6C9CD611-04F5-4AEF-A54B-A1C17A84CDA9}.Release|Any CPU.Build.0 = Release|Any CPU
		{6C9CD611-04F5-4AEF-A54B-A1C17A84CDA9}.Release|x64.ActiveCfg = Release|Any CPU
		{6C9CD611-04F5-4AEF-A54B-A1C17A84CDA9}.Release|x64.Build.0 = Release|Any CPU
		{6C9CD611-04F5-4AEF-A54B-A1C17A84CDA9}.Release|x86.ActiveCfg = Release|Any CPU
		{6C9CD611-04F5-4AEF-A54B-A1C17A84CDA9}.Release|x86.Build.0 = Release|Any CPU
		{A897870F-B0C6-43F2-A7D8-ADA59A9B592E}.Debug|Any CPU.ActiveCfg = Debug|Any CPU
		{A897870F-B0C6-43F2-A7D8-ADA59A9B592E}.Debug|Any CPU.Build.0 = Debug|Any CPU
		{A897870F-B0C6-43F2-A7D8-ADA59A9B592E}.Debug|x64.ActiveCfg = Debug|Any CPU
		{A897870F-B0C6-43F2-A7D8-ADA59A9B592E}.Debug|x64.Build.0 = Debug|Any CPU
		{A897870F-B0C6-43F2-A7D8-ADA59A9B592E}.Debug|x86.ActiveCfg = Debug|Any CPU
		{A897870F-B0C6-43F2-A7D8-ADA59A9B592E}.Debug|x86.Build.0 = Debug|Any CPU
		{A897870F-B0C6-43F2-A7D8-ADA59A9B592E}.Release|Any CPU.ActiveCfg = Release|Any CPU
		{A897870F-B0C6-43F2-A7D8-ADA59A9B592E}.Release|Any CPU.Build.0 = Release|Any CPU
		{A897870F-B0C6-43F2-A7D8-ADA59A9B592E}.Release|x64.ActiveCfg = Release|Any CPU
		{A897870F-B0C6-43F2-A7D8-ADA59A9B592E}.Release|x64.Build.0 = Release|Any CPU
		{A897870F-B0C6-43F2-A7D8-ADA59A9B592E}.Release|x86.ActiveCfg = Release|Any CPU
		{A897870F-B0C6-43F2-A7D8-ADA59A9B592E}.Release|x86.Build.0 = Release|Any CPU
	EndGlobalSection
EndGlobal
